{
  "name": "patternfly-yew",
  "version": "0.0.1",
  "lockfileVersion": 3,
  "requires": true,
  "packages": {
    "": {
      "name": "patternfly-yew",
      "version": "0.0.1",
      "dependencies": {
        "@patternfly/patternfly": "^4.224.4"
      }
    },
    "node_modules/@patternfly/patternfly": {
      "version": "4.224.4",
      "resolved": "https://registry.npmjs.org/@patternfly/patternfly/-/patternfly-4.224.4.tgz",
      "integrity": "sha512-HcLp9MkFjyBTTV1dkR+fz36o4z06dPVEEpAkt3dRtkunxyLRn1wwRYLKBgLwLb1oHJCu66iIP2trtXMx8KH+3w=="
    }
  }
}
